
Microsoft Visual Studio Solution File, Format Version 12.00
# Visual Studio 15
VisualStudioVersion = 15.0.28010.2026
MinimumVisualStudioVersion = 10.0.40219.1
Project("{8BC9CEB8-8B4A-11D0-8D11-00A0C91BC942}") = "2557", "2557\2557.vcxproj", "{3925AAAB-BE11-4856-BD9A-EF55A4E85959}"
EndProject
Project("{8BC9CEB8-8B4A-11D0-8D11-00A0C91BC942}") = "1000", "1000\1000.vcxproj", "{5C6A689A-809A-4458-985B-4823A17621C1}"
EndProject
Project("{8BC9CEB8-8B4A-11D0-8D11-00A0C91BC942}") = "1001", "1001\1001.vcxproj", "{FF0F50BA-319D-4D8D-8938-584E2512ABFD}"
EndProject
Project("{8BC9CEB8-8B4A-11D0-8D11-00A0C91BC942}") = "7287", "7287\7287.vcxproj", "{34802549-32A9-4403-8865-3EA5759725D9}"
EndProject
Project("{8BC9CEB8-8B4A-11D0-8D11-00A0C91BC942}") = "10172", "10172\10172.vcxproj", "{2D5FFC3B-630C-4818-B783-739A872EBFBB}"
EndProject
Project("{8BC9CEB8-8B4A-11D0-8D11-00A0C91BC942}") = "10718", "10718\10718.vcxproj", "{BA25525B-38F6-41DF-83FC-CFECF1431CB7}"
EndProject
Project("{8BC9CEB8-8B4A-11D0-8D11-00A0C91BC942}") = "11718", "11718\11718.vcxproj", "{90C72F4D-C3B7-4534-A20B-E1CDD2A3835D}"
EndProject
Project("{8BC9CEB8-8B4A-11D0-8D11-00A0C91BC942}") = "10998", "10998\10998.vcxproj", "{7435E8B4-1C72-4C2E-A46C-BB0971A5AF6A}"
EndProject
Project("{8BC9CEB8-8B4A-11D0-8D11-00A0C91BC942}") = "1008", "1008\1008.vcxproj", "{4559B9FD-AEDC-45B9-86E1-461EF12CDC67}"
EndProject
Global
	GlobalSection(SolutionConfigurationPlatforms) = preSolution
		Debug|x64 = Debug|x64
		Debug|x86 = Debug|x86
		Release|x64 = Release|x64
		Release|x86 = Release|x86
	EndGlobalSection
	GlobalSection(ProjectConfigurationPlatforms) = postSolution
		{3925AAAB-BE11-4856-BD9A-EF55A4E85959}.Debug|x64.ActiveCfg = Debug|x64
		{3925AAAB-BE11-4856-BD9A-EF55A4E85959}.Debug|x64.Build.0 = Debug|x64
		{3925AAAB-BE11-4856-BD9A-EF55A4E85959}.Debug|x86.ActiveCfg = Debug|Win32
		{3925AAAB-BE11-4856-BD9A-EF55A4E85959}.Debug|x86.Build.0 = Debug|Win32
		{3925AAAB-BE11-4856-BD9A-EF55A4E85959}.Release|x64.ActiveCfg = Release|x64
		{3925AAAB-BE11-4856-BD9A-EF55A4E85959}.Release|x64.Build.0 = Release|x64
		{3925AAAB-BE11-4856-BD9A-EF55A4E85959}.Release|x86.ActiveCfg = Release|Win32
		{3925AAAB-BE11-4856-BD9A-EF55A4E85959}.Release|x86.Build.0 = Release|Win32
		{5C6A689A-809A-4458-985B-4823A17621C1}.Debug|x64.ActiveCfg = Debug|x64
		{5C6A689A-809A-4458-985B-4823A17621C1}.Debug|x64.Build.0 = Debug|x64
		{5C6A689A-809A-4458-985B-4823A17621C1}.Debug|x86.ActiveCfg = Debug|Win32
		{5C6A689A-809A-4458-985B-4823A17621C1}.Debug|x86.Build.0 = Debug|Win32
		{5C6A689A-809A-4458-985B-4823A17621C1}.Release|x64.ActiveCfg = Release|x64
		{5C6A689A-809A-4458-985B-4823A17621C1}.Release|x64.Build.0 = Release|x64
		{5C6A689A-809A-4458-985B-4823A17621C1}.Release|x86.ActiveCfg = Release|Win32
		{5C6A689A-809A-4458-985B-4823A17621C1}.Release|x86.Build.0 = Release|Win32
		{FF0F50BA-319D-4D8D-8938-584E2512ABFD}.Debug|x64.ActiveCfg = Debug|x64
		{FF0F50BA-319D-4D8D-8938-584E2512ABFD}.Debug|x64.Build.0 = Debug|x64
		{FF0F50BA-319D-4D8D-8938-584E2512ABFD}.Debug|x86.ActiveCfg = Debug|Win32
		{FF0F50BA-319D-4D8D-8938-584E2512ABFD}.Debug|x86.Build.0 = Debug|Win32
		{FF0F50BA-319D-4D8D-8938-584E2512ABFD}.Release|x64.ActiveCfg = Release|x64
		{FF0F50BA-319D-4D8D-8938-584E2512ABFD}.Release|x64.Build.0 = Release|x64
		{FF0F50BA-319D-4D8D-8938-584E2512ABFD}.Release|x86.ActiveCfg = Release|Win32
		{FF0F50BA-319D-4D8D-8938-584E2512ABFD}.Release|x86.Build.0 = Release|Win32
		{34802549-32A9-4403-8865-3EA5759725D9}.Debug|x64.ActiveCfg = Debug|x64
		{34802549-32A9-4403-8865-3EA5759725D9}.Debug|x64.Build.0 = Debug|x64
		{34802549-32A9-4403-8865-3EA5759725D9}.Debug|x86.ActiveCfg = Debug|Win32
		{34802549-32A9-4403-8865-3EA5759725D9}.Debug|x86.Build.0 = Debug|Win32
		{34802549-32A9-4403-8865-3EA5759725D9}.Release|x64.ActiveCfg = Release|x64
		{34802549-32A9-4403-8865-3EA5759725D9}.Release|x64.Build.0 = Release|x64
		{34802549-32A9-4403-8865-3EA5759725D9}.Release|x86.ActiveCfg = Release|Win32
		{34802549-32A9-4403-8865-3EA5759725D9}.Release|x86.Build.0 = Release|Win32
		{2D5FFC3B-630C-4818-B783-739A872EBFBB}.Debug|x64.ActiveCfg = Debug|x64
		{2D5FFC3B-630C-4818-B783-739A872EBFBB}.Debug|x64.Build.0 = Debug|x64
		{2D5FFC3B-630C-4818-B783-739A872EBFBB}.Debug|x86.ActiveCfg = Debug|Win32
		{2D5FFC3B-630C-4818-B783-739A872EBFBB}.Debug|x86.Build.0 = Debug|Win32
		{2D5FFC3B-630C-4818-B783-739A872EBFBB}.Release|x64.ActiveCfg = Release|x64
		{2D5FFC3B-630C-4818-B783-739A872EBFBB}.Release|x64.Build.0 = Release|x64
		{2D5FFC3B-630C-4818-B783-739A872EBFBB}.Release|x86.ActiveCfg = Release|Win32
		{2D5FFC3B-630C-4818-B783-739A872EBFBB}.Release|x86.Build.0 = Release|Win32
		{BA25525B-38F6-41DF-83FC-CFECF1431CB7}.Debug|x64.ActiveCfg = Debug|x64
		{BA25525B-38F6-41DF-83FC-CFECF1431CB7}.Debug|x64.Build.0 = Debug|x64
		{BA25525B-38F6-41DF-83FC-CFECF1431CB7}.Debug|x86.ActiveCfg = Debug|Win32
		{BA25525B-38F6-41DF-83FC-CFECF1431CB7}.Debug|x86.Build.0 = Debug|Win32
		{BA25525B-38F6-41DF-83FC-CFECF1431CB7}.Release|x64.ActiveCfg = Release|x64
		{BA25525B-38F6-41DF-83FC-CFECF1431CB7}.Release|x64.Build.0 = Release|x64
		{BA25525B-38F6-41DF-83FC-CFECF1431CB7}.Release|x86.ActiveCfg = Release|Win32
		{BA25525B-38F6-41DF-83FC-CFECF1431CB7}.Release|x86.Build.0 = Release|Win32
		{90C72F4D-C3B7-4534-A20B-E1CDD2A3835D}.Debug|x64.ActiveCfg = Debug|x64
		{90C72F4D-C3B7-4534-A20B-E1CDD2A3835D}.Debug|x64.Build.0 = Debug|x64
		{90C72F4D-C3B7-4534-A20B-E1CDD2A3835D}.Debug|x86.ActiveCfg = Debug|Win32
		{90C72F4D-C3B7-4534-A20B-E1CDD2A3835D}.Debug|x86.Build.0 = Debug|Win32
		{90C72F4D-C3B7-4534-A20B-E1CDD2A3835D}.Release|x64.ActiveCfg = Release|x64
		{90C72F4D-C3B7-4534-A20B-E1CDD2A3835D}.Release|x64.Build.0 = Release|x64
		{90C72F4D-C3B7-4534-A20B-E1CDD2A3835D}.Release|x86.ActiveCfg = Release|Win32
		{90C72F4D-C3B7-4534-A20B-E1CDD2A3835D}.Release|x86.Build.0 = Release|Win32
		{7435E8B4-1C72-4C2E-A46C-BB0971A5AF6A}.Debug|x64.ActiveCfg = Debug|x64
		{7435E8B4-1C72-4C2E-A46C-BB0971A5AF6A}.Debug|x64.Build.0 = Debug|x64
		{7435E8B4-1C72-4C2E-A46C-BB0971A5AF6A}.Debug|x86.ActiveCfg = Debug|Win32
		{7435E8B4-1C72-4C2E-A46C-BB0971A5AF6A}.Debug|x86.Build.0 = Debug|Win32
		{7435E8B4-1C72-4C2E-A46C-BB0971A5AF6A}.Release|x64.ActiveCfg = Release|x64
		{7435E8B4-1C72-4C2E-A46C-BB0971A5AF6A}.Release|x64.Build.0 = Release|x64
		{7435E8B4-1C72-4C2E-A46C-BB0971A5AF6A}.Release|x86.ActiveCfg = Release|Win32
		{7435E8B4-1C72-4C2E-A46C-BB0971A5AF6A}.Release|x86.Build.0 = Release|Win32
		{4559B9FD-AEDC-45B9-86E1-461EF12CDC67}.Debug|x64.ActiveCfg = Debug|x64
		{4559B9FD-AEDC-45B9-86E1-461EF12CDC67}.Debug|x64.Build.0 = Debug|x64
		{4559B9FD-AEDC-45B9-86E1-461EF12CDC67}.Debug|x86.ActiveCfg = Debug|Win32
		{4559B9FD-AEDC-45B9-86E1-461EF12CDC67}.Debug|x86.Build.0 = Debug|Win32
		{4559B9FD-AEDC-45B9-86E1-461EF12CDC67}.Release|x64.ActiveCfg = Release|x64
		{4559B9FD-AEDC-45B9-86E1-461EF12CDC67}.Release|x64.Build.0 = Release|x64
		{4559B9FD-AEDC-45B9-86E1-461EF12CDC67}.Release|x86.ActiveCfg = Release|Win32
		{4559B9FD-AEDC-45B9-86E1-461EF12CDC67}.Release|x86.Build.0 = Release|Win32
	EndGlobalSection
	GlobalSection(SolutionProperties) = preSolution
		HideSolutionNode = FALSE
	EndGlobalSection
	GlobalSection(ExtensibilityGlobals) = postSolution
		SolutionGuid = {F8A1D417-8F0B-4B77-89D6-9FD7CA86B875}
	EndGlobalSection
EndGlobal
