
Microsoft Visual Studio Solution File, Format Version 12.00
# Visual Studio 15
VisualStudioVersion = 15.0.28010.2026
MinimumVisualStudioVersion = 10.0.40219.1
Project("{8BC9CEB8-8B4A-11D0-8D11-00A0C91BC942}") = "2557", "2557\2557.vcxproj", "{3925AAAB-BE11-4856-BD9A-EF55A4E85959}"
EndProject
Project("{8BC9CEB8-8B4A-11D0-8D11-00A0C91BC942}") = "1000", "1000\1000.vcxproj", "{5C6A689A-809A-4458-985B-4823A17621C1}"
EndProject
Project("{8BC9CEB8-8B4A-11D0-8D11-00A0C91BC942}") = "1001", "1001\1001.vcxproj", "{FF0F50BA-319D-4D8D-8938-584E2512ABFD}"
EndProject
Project("{8BC9CEB8-8B4A-11D0-8D11-00A0C91BC942}") = "7287", "7287\7287.vcxproj", "{34802549-32A9-4403-8865-3EA5759725D9}"
EndProject
Project("{8BC9CEB8-8B4A-11D0-8D11-00A0C91BC942}") = "10172", "10172\10172.vcxproj", "{2D5FFC3B-630C-4818-B783-739A872EBFBB}"
EndProject
Global
	GlobalSection(SolutionConfigurationPlatforms) = preSolution
		Debug|x64 = Debug|x64
		Debug|x86 = Debug|x86
		Release|x64 = Release|x64
		Release|x86 = Release|x86
	EndGlobalSection
	GlobalSection(ProjectConfigurationPlatforms) = postSolution
		{3925AAAB-BE11-4856-BD9A-EF55A4E85959}.Debug|x64.ActiveCfg = Debug|x64
		{3925AAAB-BE11-4856-BD9A-EF55A4E85959}.Debug|x64.Build.0 = Debug|x64
		{3925AAAB-BE11-4856-BD9A-EF55A4E85959}.Debug|x86.ActiveCfg = Debug|Win32
		{3925AAAB-BE11-4856-BD9A-EF55A4E85959}.Debug|x86.Build.0 = Debug|Win32
		{3925AAAB-BE11-4856-BD9A-EF55A4E85959}.Release|x64.ActiveCfg = Release|x64
		{3925AAAB-BE11-4856-BD9A-EF55A4E85959}.Release|x64.Build.0 = Release|x64
		{3925AAAB-BE11-4856-BD9A-EF55A4E85959}.Release|x86.ActiveCfg = Release|Win32
		{3925AAAB-BE11-4856-BD9A-EF55A4E85959}.Release|x86.Build.0 = Release|Win32
		{5C6A689A-809A-4458-985B-4823A17621C1}.Debug|x64.ActiveCfg = Debug|x64
		{5C6A689A-809A-4458-985B-4823A17621C1}.Debug|x64.Build.0 = Debug|x64
		{5C6A689A-809A-4458-985B-4823A17621C1}.Debug|x86.ActiveCfg = Debug|Win32
		{5C6A689A-809A-4458-985B-4823A17621C1}.Debug|x86.Build.0 = Debug|Win32
		{5C6A689A-809A-4458-985B-4823A17621C1}.Release|x64.ActiveCfg = Release|x64
		{5C6A689A-809A-4458-985B-4823A17621C1}.Release|x64.Build.0 = Release|x64
		{5C6A689A-809A-4458-985B-4823A17621C1}.Release|x86.ActiveCfg = Release|Win32
		{5C6A689A-809A-4458-985B-4823A17621C1}.Release|x86.Build.0 = Release|Win32
		{FF0F50BA-319D-4D8D-8938-584E2512ABFD}.Debug|x64.ActiveCfg = Debug|x64
		{FF0F50BA-319D-4D8D-8938-584E2512ABFD}.Debug|x64.Build.0 = Debug|x64
		{FF0F50BA-319D-4D8D-8938-584E2512ABFD}.Debug|x86.ActiveCfg = Debug|Win32
		{FF0F50BA-319D-4D8D-8938-584E2512ABFD}.Debug|x86.Build.0 = Debug|Win32
		{FF0F50BA-319D-4D8D-8938-584E2512ABFD}.Release|x64.ActiveCfg = Release|x64
		{FF0F50BA-319D-4D8D-8938-584E2512ABFD}.Release|x64.Build.0 = Release|x64
		{FF0F50BA-319D-4D8D-8938-584E2512ABFD}.Release|x86.ActiveCfg = Release|Win32
		{FF0F50BA-319D-4D8D-8938-584E2512ABFD}.Release|x86.Build.0 = Release|Win32
		{34802549-32A9-4403-8865-3EA5759725D9}.Debug|x64.ActiveCfg = Debug|x64
		{34802549-32A9-4403-8865-3EA5759725D9}.Debug|x64.Build.0 = Debug|x64
		{34802549-32A9-4403-8865-3EA5759725D9}.Debug|x86.ActiveCfg = Debug|Win32
		{34802549-32A9-4403-8865-3EA5759725D9}.Debug|x86.Build.0 = Debug|Win32
		{34802549-32A9-4403-8865-3EA5759725D9}.Release|x64.ActiveCfg = Release|x64
		{34802549-32A9-4403-8865-3EA5759725D9}.Release|x64.Build.0 = Release|x64
		{34802549-32A9-4403-8865-3EA5759725D9}.Release|x86.ActiveCfg = Release|Win32
		{34802549-32A9-4403-8865-3EA5759725D9}.Release|x86.Build.0 = Release|Win32
		{2D5FFC3B-630C-4818-B783-739A872EBFBB}.Debug|x64.ActiveCfg = Debug|x64
		{2D5FFC3B-630C-4818-B783-739A872EBFBB}.Debug|x64.Build.0 = Debug|x64
		{2D5FFC3B-630C-4818-B783-739A872EBFBB}.Debug|x86.ActiveCfg = Debug|Win32
		{2D5FFC3B-630C-4818-B783-739A872EBFBB}.Debug|x86.Build.0 = Debug|Win32
		{2D5FFC3B-630C-4818-B783-739A872EBFBB}.Release|x64.ActiveCfg = Release|x64
		{2D5FFC3B-630C-4818-B783-739A872EBFBB}.Release|x64.Build.0 = Release|x64
		{2D5FFC3B-630C-4818-B783-739A872EBFBB}.Release|x86.ActiveCfg = Release|Win32
		{2D5FFC3B-630C-4818-B783-739A872EBFBB}.Release|x86.Build.0 = Release|Win32
	EndGlobalSection
	GlobalSection(SolutionProperties) = preSolution
		HideSolutionNode = FALSE
	EndGlobalSection
	GlobalSection(ExtensibilityGlobals) = postSolution
		SolutionGuid = {F8A1D417-8F0B-4B77-89D6-9FD7CA86B875}
	EndGlobalSection
EndGlobal
